PODS:
  - DateTools (1.7.0)
  - Realm (0.97.0):
    - Realm/Headers (= 0.97.0)
  - Realm/Headers (0.97.0)
  - RSBarcodes (0.1.4)
  - TWMessageBarManager (1.7.2)

DEPENDENCIES:
  - DateTools
  - Realm
  - RSBarcodes (~> 0.1.4)
  - TWMessageBarManager

SPEC CHECKSUMS:
  DateTools: 53288ee8b905fdc75897a1e6b5cc0144b14cba60
  Realm: b498a6fb9d288b171ff98d0e2d4384c295be8990
  RSBarcodes: 6b062b5aba3e75a5e889b2465ef1bb256215fbd0
  TWMessageBarManager: e7adc066ee425174f5dee79473fce913b1cd1662

COCOAPODS: 0.39.0
